
Microsoft Visual Studio Solution File, Format Version 12.00
# Visual Studio Version 17
VisualStudioVersion = 17.1.32328.378
MinimumVisualStudioVersion = 10.0.40219.1
Project("{FAE04EC0-301F-11D3-BF4B-00C04F79EFBC}") = "CSharp.LabExercise3", "CSharp.LabExercise3\CSharp.LabExercise3.csproj", "{288500C7-16A2-4FC9-92FA-907063664338}"
EndProject
Global
	GlobalSection(SolutionConfigurationPlatforms) = preSolution
		Debug|Any CPU = Debug|Any CPU
		Release|Any CPU = Release|Any CPU
	EndGlobalSection
	GlobalSection(ProjectConfigurationPlatforms) = postSolution
		{288500C7-16A2-4FC9-92FA-907063664338}.Debug|Any CPU.ActiveCfg = Debug|Any CPU
		{288500C7-16A2-4FC9-92FA-907063664338}.Debug|Any CPU.Build.0 = Debug|Any CPU
		{288500C7-16A2-4FC9-92FA-907063664338}.Release|Any CPU.ActiveCfg = Release|Any CPU
		{288500C7-16A2-4FC9-92FA-907063664338}.Release|Any CPU.Build.0 = Release|Any CPU
	EndGlobalSection
	GlobalSection(SolutionProperties) = preSolution
		HideSolutionNode = FALSE
	EndGlobalSection
	GlobalSection(ExtensibilityGlobals) = postSolution
		SolutionGuid = {1E793A45-F957-4D82-ABC9-E3BE6D1E0AB7}
	EndGlobalSection
EndGlobal
